
Microsoft Visual Studio Solution File, Format Version 12.00
# Visual Studio 15
Project("{FAE04EC0-301F-11D3-BF4B-00C04F79EFBC}") = "UnityEngine.UI", "UnityEngine.UI.csproj", "{3F9D17A1-67C7-AF62-29E4-0182601E6BA9}"
EndProject
Project("{FAE04EC0-301F-11D3-BF4B-00C04F79EFBC}") = "Assembly-CSharp", "Assembly-CSharp.csproj", "{AA1B0904-1269-632D-9C59-9F9FAB884D1A}"
EndProject
Project("{FAE04EC0-301F-11D3-BF4B-00C04F79EFBC}") = "TestCards", "TestCards.csproj", "{A82DC97B-77F1-8A3F-C715-567B334D6F31}"
EndProject
Project("{FAE04EC0-301F-11D3-BF4B-00C04F79EFBC}") = "Klak.Ndi.Runtime", "Klak.Ndi.Runtime.csproj", "{621DF00B-BCD8-7D85-549B-987108A2B18D}"
EndProject
Project("{FAE04EC0-301F-11D3-BF4B-00C04F79EFBC}") = "UnityEditor.UI", "UnityEditor.UI.csproj", "{E6D92499-72E0-E855-EB2B-F155515CADA0}"
EndProject
Project("{FAE04EC0-301F-11D3-BF4B-00C04F79EFBC}") = "TestCards.Editor", "TestCards.Editor.csproj", "{9657C938-99A7-E103-3D96-C510C9190F40}"
EndProject
Project("{FAE04EC0-301F-11D3-BF4B-00C04F79EFBC}") = "Klak.Ndi.Editor", "Klak.Ndi.Editor.csproj", "{545B825D-CC81-30C1-BB54-D1EE5187855E}"
EndProject
Project("{FAE04EC0-301F-11D3-BF4B-00C04F79EFBC}") = "Assembly-CSharp.Player", "Assembly-CSharp.Player.csproj", "{6066E543-6188-A440-E372-875A7F02E00F}"
EndProject
Global
	GlobalSection(SolutionConfigurationPlatforms) = preSolution
		Debug|Any CPU = Debug|Any CPU
		Release|Any CPU = Release|Any CPU
	EndGlobalSection
	GlobalSection(ProjectConfigurationPlatforms) = postSolution
		{3F9D17A1-67C7-AF62-29E4-0182601E6BA9}.Debug|Any CPU.ActiveCfg = Debug|Any CPU
		{3F9D17A1-67C7-AF62-29E4-0182601E6BA9}.Debug|Any CPU.Build.0 = Debug|Any CPU
		{3F9D17A1-67C7-AF62-29E4-0182601E6BA9}.Release|Any CPU.ActiveCfg = Release|Any CPU
		{3F9D17A1-67C7-AF62-29E4-0182601E6BA9}.Release|Any CPU.Build.0 = Release|Any CPU
		{AA1B0904-1269-632D-9C59-9F9FAB884D1A}.Debug|Any CPU.ActiveCfg = Debug|Any CPU
		{AA1B0904-1269-632D-9C59-9F9FAB884D1A}.Debug|Any CPU.Build.0 = Debug|Any CPU
		{AA1B0904-1269-632D-9C59-9F9FAB884D1A}.Release|Any CPU.ActiveCfg = Release|Any CPU
		{AA1B0904-1269-632D-9C59-9F9FAB884D1A}.Release|Any CPU.Build.0 = Release|Any CPU
		{A82DC97B-77F1-8A3F-C715-567B334D6F31}.Debug|Any CPU.ActiveCfg = Debug|Any CPU
		{A82DC97B-77F1-8A3F-C715-567B334D6F31}.Debug|Any CPU.Build.0 = Debug|Any CPU
		{A82DC97B-77F1-8A3F-C715-567B334D6F31}.Release|Any CPU.ActiveCfg = Release|Any CPU
		{A82DC97B-77F1-8A3F-C715-567B334D6F31}.Release|Any CPU.Build.0 = Release|Any CPU
		{621DF00B-BCD8-7D85-549B-987108A2B18D}.Debug|Any CPU.ActiveCfg = Debug|Any CPU
		{621DF00B-BCD8-7D85-549B-987108A2B18D}.Debug|Any CPU.Build.0 = Debug|Any CPU
		{621DF00B-BCD8-7D85-549B-987108A2B18D}.Release|Any CPU.ActiveCfg = Release|Any CPU
		{621DF00B-BCD8-7D85-549B-987108A2B18D}.Release|Any CPU.Build.0 = Release|Any CPU
		{E6D92499-72E0-E855-EB2B-F155515CADA0}.Debug|Any CPU.ActiveCfg = Debug|Any CPU
		{E6D92499-72E0-E855-EB2B-F155515CADA0}.Debug|Any CPU.Build.0 = Debug|Any CPU
		{E6D92499-72E0-E855-EB2B-F155515CADA0}.Release|Any CPU.ActiveCfg = Release|Any CPU
		{E6D92499-72E0-E855-EB2B-F155515CADA0}.Release|Any CPU.Build.0 = Release|Any CPU
		{9657C938-99A7-E103-3D96-C510C9190F40}.Debug|Any CPU.ActiveCfg = Debug|Any CPU
		{9657C938-99A7-E103-3D96-C510C9190F40}.Debug|Any CPU.Build.0 = Debug|Any CPU
		{9657C938-99A7-E103-3D96-C510C9190F40}.Release|Any CPU.ActiveCfg = Release|Any CPU
		{9657C938-99A7-E103-3D96-C510C9190F40}.Release|Any CPU.Build.0 = Release|Any CPU
		{545B825D-CC81-30C1-BB54-D1EE5187855E}.Debug|Any CPU.ActiveCfg = Debug|Any CPU
		{545B825D-CC81-30C1-BB54-D1EE5187855E}.Debug|Any CPU.Build.0 = Debug|Any CPU
		{545B825D-CC81-30C1-BB54-D1EE5187855E}.Release|Any CPU.ActiveCfg = Release|Any CPU
		{545B825D-CC81-30C1-BB54-D1EE5187855E}.Release|Any CPU.Build.0 = Release|Any CPU
		{6066E543-6188-A440-E372-875A7F02E00F}.Debug|Any CPU.ActiveCfg = Debug|Any CPU
		{6066E543-6188-A440-E372-875A7F02E00F}.Debug|Any CPU.Build.0 = Debug|Any CPU
		{6066E543-6188-A440-E372-875A7F02E00F}.Release|Any CPU.ActiveCfg = Release|Any CPU
		{6066E543-6188-A440-E372-875A7F02E00F}.Release|Any CPU.Build.0 = Release|Any CPU
	EndGlobalSection
	GlobalSection(SolutionProperties) = preSolution
		HideSolutionNode = FALSE
	EndGlobalSection
EndGlobal
